
Microsoft Visual Studio Solution File, Format Version 12.00
# Visual Studio Version 16
VisualStudioVersion = 16.0.32630.194
MinimumVisualStudioVersion = 10.0.40219.1
Project("{FAE04EC0-301F-11D3-BF4B-00C04F79EFBC}") = "IThermal", "IThermal\IThermal.csproj", "{EC569543-E7B8-4670-92EE-7405A3C001A6}"
EndProject
Project("{FAE04EC0-301F-11D3-BF4B-00C04F79EFBC}") = "IThermalTests", "IThermalTests\IThermalTests.csproj", "{4E171881-0774-4647-AFC3-4294EA9703C1}"
EndProject
Global
	GlobalSection(SolutionConfigurationPlatforms) = preSolution
		Debug|Any CPU = Debug|Any CPU
		Release|Any CPU = Release|Any CPU
	EndGlobalSection
	GlobalSection(ProjectConfigurationPlatforms) = postSolution
		{EC569543-E7B8-4670-92EE-7405A3C001A6}.Debug|Any CPU.ActiveCfg = Debug|Any CPU
		{EC569543-E7B8-4670-92EE-7405A3C001A6}.Debug|Any CPU.Build.0 = Debug|Any CPU
		{EC569543-E7B8-4670-92EE-7405A3C001A6}.Release|Any CPU.ActiveCfg = Release|Any CPU
		{EC569543-E7B8-4670-92EE-7405A3C001A6}.Release|Any CPU.Build.0 = Release|Any CPU
		{4E171881-0774-4647-AFC3-4294EA9703C1}.Debug|Any CPU.ActiveCfg = Debug|Any CPU
		{4E171881-0774-4647-AFC3-4294EA9703C1}.Debug|Any CPU.Build.0 = Debug|Any CPU
		{4E171881-0774-4647-AFC3-4294EA9703C1}.Release|Any CPU.ActiveCfg = Release|Any CPU
		{4E171881-0774-4647-AFC3-4294EA9703C1}.Release|Any CPU.Build.0 = Release|Any CPU
	EndGlobalSection
	GlobalSection(SolutionProperties) = preSolution
		HideSolutionNode = FALSE
	EndGlobalSection
	GlobalSection(ExtensibilityGlobals) = postSolution
		SolutionGuid = {33BD0104-B035-4A74-9D9E-F6530B380A75}
	EndGlobalSection
EndGlobal
